<?xml version="1.0" encoding="utf-8"?>
<Project ToolsVersion="4.0" xmlns="http://schemas.microsoft.com/developer/msbuild/2003">
  <ItemGroup>
    <Filter Include="Source Files">
      <UniqueIdentifier>{4FC737F1-C7A5-4376-A066-2A32D752A2FF}</UniqueIdentifier>
      <Extensions>cpp;c;cc;cxx;def;odl;idl;hpj;bat;asm;asmx</Extensions>
    </Filter>
    <Filter Include="Header Files">
      <UniqueIdentifier>{93995380-89BD-4b04-88EB-625FBE52EBFB}</UniqueIdentifier>
      <Extensions>h;hh;hpp;hxx;hm;inl;inc;xsd</Extensions>
    </Filter>
    <Filter Include="Resource Files">
      <UniqueIdentifier>{67DA6AB6-F800-4c08-8B7A-83BB121AAD01}</UniqueIdentifier>
      <Extensions>rc;ico;cur;bmp;dlg;rc2;rct;bin;rgs;gif;jpg;jpeg;jpe;resx;tiff;tif;png;wav;mfcribbon-ms</Extensions>
    </Filter>
  </ItemGroup>
  <ItemGroup>
    <None Include="qQuariumMega.ino" />
  </ItemGroup>
  <ItemGroup>
    <ClInclude Include="Visual Micro\.qQuariumMega.vsarduino.h">
      <Filter>Header Files</Filter>
    </ClInclude>
    <ClInclude Include="AerationHelper.h">
      <Filter>Header Files</Filter>
    </ClInclude>
    <ClInclude Include="AquaTemperatureHelper.h">
      <Filter>Header Files</Filter>
    </ClInclude>
    <ClInclude Include="BeepHelper.h">
      <Filter>Header Files</Filter>
    </ClInclude>
    <ClInclude Include="ButtonHandler.h">
      <Filter>Header Files</Filter>
    </ClInclude>
    <ClInclude Include="ClockHelper.h">
      <Filter>Header Files</Filter>
    </ClInclude>
    <ClInclude Include="CompressorHelper.h">
      <Filter>Header Files</Filter>
    </ClInclude>
    <ClInclude Include="DS1307.h">
      <Filter>Header Files</Filter>
    </ClInclude>
    <ClInclude Include="LcdBackLightHelper.h">
      <Filter>Header Files</Filter>
    </ClInclude>
    <ClInclude Include="LedRgbHelper.h">
      <Filter>Header Files</Filter>
    </ClInclude>
    <ClInclude Include="MainLightHelper.h">
      <Filter>Header Files</Filter>
    </ClInclude>
    <ClInclude Include="OneWire.h">
      <Filter>Header Files</Filter>
    </ClInclude>
    <ClInclude Include="qQuariumDevicesMode.h">
      <Filter>Header Files</Filter>
    </ClInclude>
    <ClInclude Include="qQuariumLEDSetupMode.h">
      <Filter>Header Files</Filter>
    </ClInclude>
    <ClInclude Include="qQuariumMainMenuMode.h">
      <Filter>Header Files</Filter>
    </ClInclude>
    <ClInclude Include="qQuariumMode.h">
      <Filter>Header Files</Filter>
    </ClInclude>
    <ClInclude Include="qQuariumSetupTimeMode.h">
      <Filter>Header Files</Filter>
    </ClInclude>
    <ClInclude Include="qQuariumTemperatureMode.h">
      <Filter>Header Files</Filter>
    </ClInclude>
    <ClInclude Include="RGBColorHelper.h">
      <Filter>Header Files</Filter>
    </ClInclude>
    <ClInclude Include="TimeHelper.h">
      <Filter>Header Files</Filter>
    </ClInclude>
    <ClInclude Include="VulcanusHelper.h">
      <Filter>Header Files</Filter>
    </ClInclude>
    <ClInclude Include="PumpHelper.h">
      <Filter>Header Files</Filter>
    </ClInclude>
    <ClInclude Include="RoomTemperature.h">
      <Filter>Header Files</Filter>
    </ClInclude>
    <ClInclude Include="qQuariumSetupDateMode.h">
      <Filter>Header Files</Filter>
    </ClInclude>
    <ClInclude Include="qQuariumRoomClimateMode.h">
      <Filter>Header Files</Filter>
    </ClInclude>
    <ClInclude Include="dht11.h">
      <Filter>Header Files</Filter>
    </ClInclude>
    <ClInclude Include="BaseOnOfDeviceHelper.h">
      <Filter>Header Files</Filter>
    </ClInclude>
  </ItemGroup>
  <ItemGroup>
    <ClCompile Include="AquaTemperatureHelper.cpp">
      <Filter>Source Files</Filter>
    </ClCompile>
    <ClCompile Include="BeepHelper.cpp">
      <Filter>Source Files</Filter>
    </ClCompile>
    <ClCompile Include="ButtonHandler.cpp">
      <Filter>Source Files</Filter>
    </ClCompile>
    <ClCompile Include="ClockHelper.cpp">
      <Filter>Source Files</Filter>
    </ClCompile>
    <ClCompile Include="CompressorHelper.cpp">
      <Filter>Source Files</Filter>
    </ClCompile>
    <ClCompile Include="DS1307.cpp">
      <Filter>Source Files</Filter>
    </ClCompile>
    <ClCompile Include="LcdBackLightHelper.cpp">
      <Filter>Source Files</Filter>
    </ClCompile>
    <ClCompile Include="LedRgbHelper.cpp">
      <Filter>Source Files</Filter>
    </ClCompile>
    <ClCompile Include="MainLightHelper.cpp">
      <Filter>Source Files</Filter>
    </ClCompile>
    <ClCompile Include="OneWire.cpp">
      <Filter>Source Files</Filter>
    </ClCompile>
    <ClCompile Include="qQuariumDevicesMode.cpp">
      <Filter>Source Files</Filter>
    </ClCompile>
    <ClCompile Include="qQuariumLEDSetupMode.cpp">
      <Filter>Source Files</Filter>
    </ClCompile>
    <ClCompile Include="qQuariumMainMenuMode.cpp">
      <Filter>Source Files</Filter>
    </ClCompile>
    <ClCompile Include="qQuariumMode.cpp">
      <Filter>Source Files</Filter>
    </ClCompile>
    <ClCompile Include="qQuariumSetupTimeMode.cpp">
      <Filter>Source Files</Filter>
    </ClCompile>
    <ClCompile Include="qQuariumTemperatureMode.cpp">
      <Filter>Source Files</Filter>
    </ClCompile>
    <ClCompile Include="RGBColorHelper.cpp">
      <Filter>Source Files</Filter>
    </ClCompile>
    <ClCompile Include="TimeHelper.cpp">
      <Filter>Source Files</Filter>
    </ClCompile>
    <ClCompile Include="VulcanusHelper.cpp">
      <Filter>Source Files</Filter>
    </ClCompile>
    <ClCompile Include="PumpHelper.cpp">
      <Filter>Source Files</Filter>
    </ClCompile>
    <ClCompile Include="RoomTemperature.cpp">
      <Filter>Source Files</Filter>
    </ClCompile>
    <ClCompile Include="qQuariumSetupDateMode.cpp">
      <Filter>Source Files</Filter>
    </ClCompile>
    <ClCompile Include="qQuariumRoomClimateMode.cpp">
      <Filter>Source Files</Filter>
    </ClCompile>
    <ClCompile Include="dht11.cpp">
      <Filter>Source Files</Filter>
    </ClCompile>
    <ClCompile Include="BaseOnOfDeviceHelper.cpp">
      <Filter>Source Files</Filter>
    </ClCompile>
    <ClCompile Include="AerationHelper.cpp">
      <Filter>Source Files</Filter>
    </ClCompile>
  </ItemGroup>
</Project>